{
  "name": "template_p5",
  "version": "1.0.0",
  "lockfileVersion": 3,
  "requires": true,
  "packages": {
    "": {
      "name": "template_p5",
      "version": "1.0.0",
      "license": "ISC",
      "dependencies": {
        "tone": "^0.12.80"
      }
    },
    "node_modules/tone": {
      "version": "0.12.80",
      "resolved": "http://registry.npmjs.org/tone/-/tone-0.12.80.tgz",
      "integrity": "sha512-xCriTn1may1ZzfYYwxXW8pNj0W1XScc21ZLSd/itoTa3s0vMO1LlN23UYvHwUduL45xuY+Rw/e87LmqP3mW43Q=="
    }
  }
}
